<?xml version="1.0" encoding="utf-8"?>
<Project ToolsVersion="4.0" xmlns="http://schemas.microsoft.com/developer/msbuild/2003">
  <ItemGroup>
    <Filter Include="소스 파일">
      <UniqueIdentifier>{4FC737F1-C7A5-4376-A066-2A32D752A2FF}</UniqueIdentifier>
      <Extensions>cpp;c;cc;cxx;c++;cppm;ixx;def;odl;idl;hpj;bat;asm;asmx</Extensions>
    </Filter>
    <Filter Include="헤더 파일">
      <UniqueIdentifier>{93995380-89BD-4b04-88EB-625FBE52EBFB}</UniqueIdentifier>
      <Extensions>h;hh;hpp;hxx;h++;hm;inl;inc;ipp;xsd</Extensions>
    </Filter>
    <Filter Include="리소스 파일">
      <UniqueIdentifier>{67DA6AB6-F800-4c08-8B7A-83BB121AAD01}</UniqueIdentifier>
      <Extensions>rc;ico;cur;bmp;dlg;rc2;rct;bin;rgs;gif;jpg;jpeg;jpe;resx;tiff;tif;png;wav;mfcribbon-ms</Extensions>
    </Filter>
    <Filter Include="소스 파일\VideoSummarize">
      <UniqueIdentifier>{c22a8f39-45cb-4cae-b9b9-ef0dbf427ed8}</UniqueIdentifier>
    </Filter>
    <Filter Include="소스 파일\Data">
      <UniqueIdentifier>{091286df-24e9-4bd4-b63b-f002ef37ac7a}</UniqueIdentifier>
    </Filter>
    <Filter Include="소스 파일\Interface">
      <UniqueIdentifier>{b60cdd90-b7a3-417a-95e5-31c61492ec7d}</UniqueIdentifier>
    </Filter>
    <Filter Include="소스 파일\ResultManager">
      <UniqueIdentifier>{441524e2-adba-4b54-a823-739a9443c12d}</UniqueIdentifier>
    </Filter>
    <Filter Include="소스 파일\OneFileBringer">
      <UniqueIdentifier>{12ca27ab-86bd-475e-86e6-9bf3fb2016f2}</UniqueIdentifier>
    </Filter>
    <Filter Include="소스 파일\ArkOrganizerUI">
      <UniqueIdentifier>{e814997d-a8aa-4dbe-9cea-c97a27ef4d20}</UniqueIdentifier>
    </Filter>
    <Filter Include="소스 파일\ArkOrganizerUI\VideoSummarizerDialog">
      <UniqueIdentifier>{0db6e171-e505-47d1-a8ba-9f58f18a8c3b}</UniqueIdentifier>
    </Filter>
    <Filter Include="소스 파일\ArkOrganizerUI\AoFileView">
      <UniqueIdentifier>{8fd57e66-7e9f-470f-96a2-324f7c88bcef}</UniqueIdentifier>
    </Filter>
    <Filter Include="소스 파일\ArkOrganizerUI\OptionView">
      <UniqueIdentifier>{eea9d656-e43b-47bc-a743-fdb978da693d}</UniqueIdentifier>
    </Filter>
  </ItemGroup>
  <ItemGroup>
    <ClInclude Include="pch.h">
      <Filter>헤더 파일</Filter>
    </ClInclude>
    <ClInclude Include="UI\ArkOrganizer_WIN64.h">
      <Filter>소스 파일\ArkOrganizerUI</Filter>
    </ClInclude>
    <ClInclude Include="UI\MainDialog.h">
      <Filter>소스 파일\ArkOrganizerUI</Filter>
    </ClInclude>
    <ClInclude Include="framework.h">
      <Filter>헤더 파일</Filter>
    </ClInclude>
    <ClInclude Include="targetver.h">
      <Filter>헤더 파일</Filter>
    </ClInclude>
    <ClInclude Include="resource.h">
      <Filter>헤더 파일</Filter>
    </ClInclude>
    <ClInclude Include="UI\FileVeiwer\AoFileViewer.h">
      <Filter>소스 파일\ArkOrganizerUI\AoFileView</Filter>
    </ClInclude>
    <ClInclude Include="source\Data\ThemeData.h">
      <Filter>소스 파일\Data</Filter>
    </ClInclude>
    <ClInclude Include="source\Data\AoConfig.h">
      <Filter>소스 파일\Data</Filter>
    </ClInclude>
    <ClInclude Include="source\Interface\EventInterface.h">
      <Filter>소스 파일\Interface</Filter>
    </ClInclude>
    <ClInclude Include="source\OneFileBringer\OneFileBringer.h">
      <Filter>소스 파일\OneFileBringer</Filter>
    </ClInclude>
    <ClInclude Include="source\ResultManager\ResultManager.h">
      <Filter>소스 파일\ResultManager</Filter>
    </ClInclude>
    <ClInclude Include="source\VideoSummarize\VideoSummarizeRunner.h">
      <Filter>소스 파일\VideoSummarize</Filter>
    </ClInclude>
    <ClInclude Include="UI\VideoSummarizer\VideoSummarizerDialog.h">
      <Filter>소스 파일\ArkOrganizerUI\VideoSummarizerDialog</Filter>
    </ClInclude>
    <ClInclude Include="MFCUtil.h">
      <Filter>소스 파일\Data</Filter>
    </ClInclude>
  </ItemGroup>
  <ItemGroup>
    <ClCompile Include="pch.cpp">
      <Filter>헤더 파일</Filter>
    </ClCompile>
    <ClCompile Include="UI\MainDialog.cpp">
      <Filter>소스 파일\ArkOrganizerUI</Filter>
    </ClCompile>
    <ClCompile Include="UI\ArkOrganizer_WIN64.cpp">
      <Filter>소스 파일\ArkOrganizerUI</Filter>
    </ClCompile>
    <ClCompile Include="UI\FileVeiwer\AoFileViewer.cpp">
      <Filter>소스 파일\ArkOrganizerUI\AoFileView</Filter>
    </ClCompile>
    <ClCompile Include="source\Data\AoConfig.cpp">
      <Filter>소스 파일\Data</Filter>
    </ClCompile>
    <ClCompile Include="source\Interface\EventInterface.cpp">
      <Filter>소스 파일\Interface</Filter>
    </ClCompile>
    <ClCompile Include="source\OneFileBringer\OneFileBringer.cpp">
      <Filter>소스 파일\OneFileBringer</Filter>
    </ClCompile>
    <ClCompile Include="source\ResultManager\ResultManager.cpp">
      <Filter>소스 파일\ResultManager</Filter>
    </ClCompile>
    <ClCompile Include="source\VideoSummarize\VideoSummarizeRunner.cpp">
      <Filter>소스 파일\VideoSummarize</Filter>
    </ClCompile>
    <ClCompile Include="UI\VideoSummarizer\VideoSummarizerDialog.cpp">
      <Filter>소스 파일\ArkOrganizerUI\VideoSummarizerDialog</Filter>
    </ClCompile>
    <ClCompile Include="MFCUtil.cpp">
      <Filter>소스 파일\Data</Filter>
    </ClCompile>
  </ItemGroup>
  <ItemGroup>
    <ResourceCompile Include="ArkOrganizerWIN64.rc">
      <Filter>리소스 파일</Filter>
    </ResourceCompile>
  </ItemGroup>
  <ItemGroup>
    <None Include="res\ArkOrganizerWIN64.rc2">
      <Filter>리소스 파일</Filter>
    </None>
  </ItemGroup>
  <ItemGroup>
    <Image Include="res\ArkOrganizer_WIN64.ico">
      <Filter>리소스 파일</Filter>
    </Image>
  </ItemGroup>
</Project>